
Microsoft Visual Studio Solution File, Format Version 12.00
# Visual Studio Version 17
VisualStudioVersion = 17.5.33530.505
MinimumVisualStudioVersion = 10.0.40219.1
Project("{FAE04EC0-301F-11D3-BF4B-00C04F79EFBC}") = "ConsoleApp94", "ConsoleApp94\ConsoleApp94.csproj", "{7D5CDD04-88DC-4659-8293-74A35B177591}"
EndProject
Global
	GlobalSection(SolutionConfigurationPlatforms) = preSolution
		Debug|Any CPU = Debug|Any CPU
		Release|Any CPU = Release|Any CPU
	EndGlobalSection
	GlobalSection(ProjectConfigurationPlatforms) = postSolution
		{7D5CDD04-88DC-4659-8293-74A35B177591}.Debug|Any CPU.ActiveCfg = Debug|Any CPU
		{7D5CDD04-88DC-4659-8293-74A35B177591}.Debug|Any CPU.Build.0 = Debug|Any CPU
		{7D5CDD04-88DC-4659-8293-74A35B177591}.Release|Any CPU.ActiveCfg = Release|Any CPU
		{7D5CDD04-88DC-4659-8293-74A35B177591}.Release|Any CPU.Build.0 = Release|Any CPU
	EndGlobalSection
	GlobalSection(SolutionProperties) = preSolution
		HideSolutionNode = FALSE
	EndGlobalSection
	GlobalSection(ExtensibilityGlobals) = postSolution
		SolutionGuid = {9A0537BB-D752-4032-A9C9-55D253E0A819}
	EndGlobalSection
EndGlobal
